
Microsoft Visual Studio Solution File, Format Version 12.00
# Visual Studio Version 17
VisualStudioVersion = 17.9.34622.214
MinimumVisualStudioVersion = 10.0.40219.1
Project("{9A19103F-16F7-4668-BE54-9A1E7A4F7556}") = "Timelogger.Api", "Timelogger.Api\Timelogger.Api.csproj", "{586001F3-4417-4AFF-BB35-FA09226B7107}"
EndProject
Project("{9A19103F-16F7-4668-BE54-9A1E7A4F7556}") = "Timelogger.Data", "Timelogger.Data\Timelogger.Data.csproj", "{4127D5D5-34E7-451A-A5E9-FFE9704F75E1}"
EndProject
Project("{9A19103F-16F7-4668-BE54-9A1E7A4F7556}") = "Timelogger.Api.Tests", "Timelogger.Api.Tests\Timelogger.Api.Tests.csproj", "{8F5D6B61-F225-4487-94BB-BE34F929A233}"
EndProject
Global
	GlobalSection(SolutionConfigurationPlatforms) = preSolution
		Debug|Any CPU = Debug|Any CPU
		Release|Any CPU = Release|Any CPU
	EndGlobalSection
	GlobalSection(ProjectConfigurationPlatforms) = postSolution
		{586001F3-4417-4AFF-BB35-FA09226B7107}.Debug|Any CPU.ActiveCfg = Debug|Any CPU
		{586001F3-4417-4AFF-BB35-FA09226B7107}.Debug|Any CPU.Build.0 = Debug|Any CPU
		{586001F3-4417-4AFF-BB35-FA09226B7107}.Release|Any CPU.ActiveCfg = Release|Any CPU
		{586001F3-4417-4AFF-BB35-FA09226B7107}.Release|Any CPU.Build.0 = Release|Any CPU
		{4127D5D5-34E7-451A-A5E9-FFE9704F75E1}.Debug|Any CPU.ActiveCfg = Debug|Any CPU
		{4127D5D5-34E7-451A-A5E9-FFE9704F75E1}.Debug|Any CPU.Build.0 = Debug|Any CPU
		{4127D5D5-34E7-451A-A5E9-FFE9704F75E1}.Release|Any CPU.ActiveCfg = Release|Any CPU
		{4127D5D5-34E7-451A-A5E9-FFE9704F75E1}.Release|Any CPU.Build.0 = Release|Any CPU
		{8F5D6B61-F225-4487-94BB-BE34F929A233}.Debug|Any CPU.ActiveCfg = Debug|Any CPU
		{8F5D6B61-F225-4487-94BB-BE34F929A233}.Debug|Any CPU.Build.0 = Debug|Any CPU
		{8F5D6B61-F225-4487-94BB-BE34F929A233}.Release|Any CPU.ActiveCfg = Release|Any CPU
		{8F5D6B61-F225-4487-94BB-BE34F929A233}.Release|Any CPU.Build.0 = Release|Any CPU
	EndGlobalSection
	GlobalSection(SolutionProperties) = preSolution
		HideSolutionNode = FALSE
	EndGlobalSection
	GlobalSection(ExtensibilityGlobals) = postSolution
		SolutionGuid = {5E5AA536-25F7-4DE6-A734-DFB59DE7330C}
	EndGlobalSection
EndGlobal
